services:

  JobBoy\Process\Domain\Lock\LockFactoryInterface:
    alias: JobBoy\Process\Domain\Lock\Infrastructure\Filesystem\LockFactory


  JobBoy\Process\Domain\Lock\Infrastructure\Filesystem\LockFactory:
    class: JobBoy\Process\Domain\Lock\Infrastructure\Filesystem\LockFactory
    arguments: [ ~, '@JobBoy\Process\Domain\Lock\LockSpace' ]

  JobBoy\Process\Domain\Lock\LockSpace:
    class: JobBoy\Process\Domain\Lock\LockSpace
    arguments: ['%jobboy.instance_code%']

